
Microsoft Visual Studio Solution File, Format Version 12.00
# Visual Studio Version 17
VisualStudioVersion = 17.5.002.0
MinimumVisualStudioVersion = 10.0.40219.1
Project("{9A19103F-16F7-4668-BE54-9A1E7A4F7556}") = "MASCOTAS", "MASCOTAS.csproj", "{2AD361FB-3431-4584-8512-BFE7EDBB8081}"
EndProject
Global
	GlobalSection(SolutionConfigurationPlatforms) = preSolution
		Debug|Any CPU = Debug|Any CPU
		Release|Any CPU = Release|Any CPU
	EndGlobalSection
	GlobalSection(ProjectConfigurationPlatforms) = postSolution
		{2AD361FB-3431-4584-8512-BFE7EDBB8081}.Debug|Any CPU.ActiveCfg = Debug|Any CPU
		{2AD361FB-3431-4584-8512-BFE7EDBB8081}.Debug|Any CPU.Build.0 = Debug|Any CPU
		{2AD361FB-3431-4584-8512-BFE7EDBB8081}.Release|Any CPU.ActiveCfg = Release|Any CPU
		{2AD361FB-3431-4584-8512-BFE7EDBB8081}.Release|Any CPU.Build.0 = Release|Any CPU
	EndGlobalSection
	GlobalSection(SolutionProperties) = preSolution
		HideSolutionNode = FALSE
	EndGlobalSection
	GlobalSection(ExtensibilityGlobals) = postSolution
		SolutionGuid = {C0C370CA-66A2-4E56-9EC7-0D5D01B3E67A}
	EndGlobalSection
EndGlobal
